
Microsoft Visual Studio Solution File, Format Version 12.00
# Visual Studio 14
VisualStudioVersion = 14.0.25420.1
MinimumVisualStudioVersion = 10.0.40219.1
Project("{FAE04EC0-301F-11D3-BF4B-00C04F79EFBC}") = "QuintoWindows", "QuintoWindows\QuintoWindows.csproj", "{672CF876-0838-4035-BB1C-87652E117275}"
EndProject
Project("{FAE04EC0-301F-11D3-BF4B-00C04F79EFBC}") = "QuintoDll", "QuintoDll\QuintoDll.csproj", "{B49E97DB-DEA6-42FB-993D-E54E2C87E8AC}"
EndProject
Project("{FAE04EC0-301F-11D3-BF4B-00C04F79EFBC}") = "Utilitaires", "Utilitaires\Utilitaires.csproj", "{596AD11B-F3BF-43C3-83A0-FC50CA1AB49B}"
EndProject
Global
	GlobalSection(SolutionConfigurationPlatforms) = preSolution
		Debug|Any CPU = Debug|Any CPU
		Release|Any CPU = Release|Any CPU
	EndGlobalSection
	GlobalSection(ProjectConfigurationPlatforms) = postSolution
		{672CF876-0838-4035-BB1C-87652E117275}.Debug|Any CPU.ActiveCfg = Debug|Any CPU
		{672CF876-0838-4035-BB1C-87652E117275}.Debug|Any CPU.Build.0 = Debug|Any CPU
		{672CF876-0838-4035-BB1C-87652E117275}.Release|Any CPU.ActiveCfg = Release|Any CPU
		{672CF876-0838-4035-BB1C-87652E117275}.Release|Any CPU.Build.0 = Release|Any CPU
		{B49E97DB-DEA6-42FB-993D-E54E2C87E8AC}.Debug|Any CPU.ActiveCfg = Debug|Any CPU
		{B49E97DB-DEA6-42FB-993D-E54E2C87E8AC}.Debug|Any CPU.Build.0 = Debug|Any CPU
		{B49E97DB-DEA6-42FB-993D-E54E2C87E8AC}.Release|Any CPU.ActiveCfg = Release|Any CPU
		{B49E97DB-DEA6-42FB-993D-E54E2C87E8AC}.Release|Any CPU.Build.0 = Release|Any CPU
		{596AD11B-F3BF-43C3-83A0-FC50CA1AB49B}.Debug|Any CPU.ActiveCfg = Debug|Any CPU
		{596AD11B-F3BF-43C3-83A0-FC50CA1AB49B}.Debug|Any CPU.Build.0 = Debug|Any CPU
		{596AD11B-F3BF-43C3-83A0-FC50CA1AB49B}.Release|Any CPU.ActiveCfg = Release|Any CPU
		{596AD11B-F3BF-43C3-83A0-FC50CA1AB49B}.Release|Any CPU.Build.0 = Release|Any CPU
	EndGlobalSection
	GlobalSection(SolutionProperties) = preSolution
		HideSolutionNode = FALSE
	EndGlobalSection
EndGlobal
